
Microsoft Visual Studio Solution File, Format Version 11.00
# Visual Studio 2010
Project("{FAE04EC0-301F-11D3-BF4B-00C04F79EFBC}") = "Marioneta", "Marioneta.csproj", "{F64D6385-4EBF-4C96-96CD-CFEDF11BE078}"
EndProject
Global
	GlobalSection(SolutionConfigurationPlatforms) = preSolution
		Debug|Any CPU = Debug|Any CPU
		Release|Any CPU = Release|Any CPU
	EndGlobalSection
	GlobalSection(ProjectConfigurationPlatforms) = postSolution
		{F64D6385-4EBF-4C96-96CD-CFEDF11BE078}.Debug|Any CPU.ActiveCfg = Debug|Any CPU
		{F64D6385-4EBF-4C96-96CD-CFEDF11BE078}.Debug|Any CPU.Build.0 = Debug|Any CPU
		{F64D6385-4EBF-4C96-96CD-CFEDF11BE078}.Release|Any CPU.ActiveCfg = Release|Any CPU
		{F64D6385-4EBF-4C96-96CD-CFEDF11BE078}.Release|Any CPU.Build.0 = Release|Any CPU
	EndGlobalSection
EndGlobal
